
Microsoft Visual Studio Solution File, Format Version 12.00
# Visual Studio 14
VisualStudioVersion = 14.0.24720.0
MinimumVisualStudioVersion = 10.0.40219.1
Project("{FAE04EC0-301F-11D3-BF4B-00C04F79EFBC}") = "TaxDataUpload", "TaxDataUpload\TaxDataUpload.csproj", "{D7F38F90-05BF-42E3-9798-60186DFFF380}"
EndProject
Project("{FAE04EC0-301F-11D3-BF4B-00C04F79EFBC}") = "TaxDataUpload.Tests", "TaxDataUpload.Tests\TaxDataUpload.Tests.csproj", "{05C713E0-72C9-483D-AB8C-CF3AA4F35F81}"
EndProject
Global
	GlobalSection(SolutionConfigurationPlatforms) = preSolution
		Debug|Any CPU = Debug|Any CPU
		Release|Any CPU = Release|Any CPU
	EndGlobalSection
	GlobalSection(ProjectConfigurationPlatforms) = postSolution
		{D7F38F90-05BF-42E3-9798-60186DFFF380}.Debug|Any CPU.ActiveCfg = Debug|Any CPU
		{D7F38F90-05BF-42E3-9798-60186DFFF380}.Debug|Any CPU.Build.0 = Debug|Any CPU
		{D7F38F90-05BF-42E3-9798-60186DFFF380}.Release|Any CPU.ActiveCfg = Release|Any CPU
		{D7F38F90-05BF-42E3-9798-60186DFFF380}.Release|Any CPU.Build.0 = Release|Any CPU
		{05C713E0-72C9-483D-AB8C-CF3AA4F35F81}.Debug|Any CPU.ActiveCfg = Debug|Any CPU
		{05C713E0-72C9-483D-AB8C-CF3AA4F35F81}.Debug|Any CPU.Build.0 = Debug|Any CPU
		{05C713E0-72C9-483D-AB8C-CF3AA4F35F81}.Release|Any CPU.ActiveCfg = Release|Any CPU
		{05C713E0-72C9-483D-AB8C-CF3AA4F35F81}.Release|Any CPU.Build.0 = Release|Any CPU
	EndGlobalSection
	GlobalSection(SolutionProperties) = preSolution
		HideSolutionNode = FALSE
	EndGlobalSection
EndGlobal
